<?xml version="1.0" encoding="utf-8"?>
<Project ToolsVersion="4.0" xmlns="http://schemas.microsoft.com/developer/msbuild/2003">
  <ItemGroup>
    <Filter Include="Source Files">
      <UniqueIdentifier>{4FC737F1-C7A5-4376-A066-2A32D752A2FF}</UniqueIdentifier>
      <Extensions>cpp;c;cc;cxx;def;odl;idl;hpj;bat;asm;asmx</Extensions>
    </Filter>
    <Filter Include="Header Files">
      <UniqueIdentifier>{93995380-89BD-4b04-88EB-625FBE52EBFB}</UniqueIdentifier>
      <Extensions>h;hh;hpp;hxx;hm;inl;inc;xsd</Extensions>
    </Filter>
    <Filter Include="Resource Files">
      <UniqueIdentifier>{67DA6AB6-F800-4c08-8B7A-83BB121AAD01}</UniqueIdentifier>
      <Extensions>rc;ico;cur;bmp;dlg;rc2;rct;bin;rgs;gif;jpg;jpeg;jpe;resx;tiff;tif;png;wav;mfcribbon-ms</Extensions>
    </Filter>
    <Filter Include="Header Files\Selection">
      <UniqueIdentifier>{b376c22a-c399-4a9b-acaf-6a8f53824578}</UniqueIdentifier>
    </Filter>
    <Filter Include="Source Files\Selection">
      <UniqueIdentifier>{13969296-bca7-47e8-92d0-1d4bfe65d413}</UniqueIdentifier>
    </Filter>
    <Filter Include="Source Files\Crossover">
      <UniqueIdentifier>{a7a94117-804e-46be-8469-66daf99dc506}</UniqueIdentifier>
    </Filter>
    <Filter Include="Header Files\Crossover">
      <UniqueIdentifier>{940e3def-e07b-4a22-8caf-1afbf6277721}</UniqueIdentifier>
    </Filter>
    <Filter Include="Header Files\Utils">
      <UniqueIdentifier>{22ded43a-fc01-47e9-8e7f-7d31db329494}</UniqueIdentifier>
    </Filter>
    <Filter Include="Header Files\Mutation">
      <UniqueIdentifier>{3b3a9dd9-59a7-4847-89ca-4eb13ce342c4}</UniqueIdentifier>
    </Filter>
    <Filter Include="Header Files\Fitness">
      <UniqueIdentifier>{15468355-86fe-491e-883d-4b7e88da7d16}</UniqueIdentifier>
    </Filter>
  </ItemGroup>
  <ItemGroup>
    <ClCompile Include="GeneticAlgorithm.cpp">
      <Filter>Source Files</Filter>
    </ClCompile>
    <ClCompile Include="Individual.cpp">
      <Filter>Source Files</Filter>
    </ClCompile>
    <ClCompile Include="DecimationSelection.cpp">
      <Filter>Source Files\Selection</Filter>
    </ClCompile>
    <ClCompile Include="TournamentSelection.cpp">
      <Filter>Source Files\Selection</Filter>
    </ClCompile>
    <ClCompile Include="RouletteSelection.cpp">
      <Filter>Source Files\Selection</Filter>
    </ClCompile>
    <ClCompile Include="BinaryCrossover.cpp">
      <Filter>Source Files\Crossover</Filter>
    </ClCompile>
    <ClCompile Include="ContinuousCrossover.cpp">
      <Filter>Source Files\Crossover</Filter>
    </ClCompile>
  </ItemGroup>
  <ItemGroup>
    <ClInclude Include="DecimationSelection.h">
      <Filter>Header Files\Selection</Filter>
    </ClInclude>
    <ClInclude Include="RouletteSelection.h">
      <Filter>Header Files\Selection</Filter>
    </ClInclude>
    <ClInclude Include="TournamentSelection.h">
      <Filter>Header Files\Selection</Filter>
    </ClInclude>
    <ClInclude Include="Selection.h">
      <Filter>Header Files\Selection</Filter>
    </ClInclude>
    <ClInclude Include="Individual.h">
      <Filter>Header Files</Filter>
    </ClInclude>
    <ClInclude Include="GeneticAlgorithm.h">
      <Filter>Header Files</Filter>
    </ClInclude>
    <ClInclude Include="Crossover.h">
      <Filter>Header Files\Crossover</Filter>
    </ClInclude>
    <ClInclude Include="DefaultRandomNumberSupplier.h">
      <Filter>Header Files\Utils</Filter>
    </ClInclude>
    <ClInclude Include="RandomNumberSupplier.h">
      <Filter>Header Files\Utils</Filter>
    </ClInclude>
    <ClInclude Include="BinaryCrossover.h">
      <Filter>Header Files\Crossover</Filter>
    </ClInclude>
    <ClInclude Include="Mutation.h">
      <Filter>Header Files\Mutation</Filter>
    </ClInclude>
    <ClInclude Include="FitnessFunction.h">
      <Filter>Header Files\Fitness</Filter>
    </ClInclude>
    <ClInclude Include="InitialPopulationGenerator.h">
      <Filter>Header Files</Filter>
    </ClInclude>
    <ClInclude Include="ContinuousCrossover.h">
      <Filter>Header Files\Crossover</Filter>
    </ClInclude>
  </ItemGroup>
</Project>